// !$*UTF8*$!
{
	archiveVersion = 1;
	classes = {
	};
	objectVersion = 46;
	objects = {

/* Begin PBXBuildFile section */
		BEB1640F19CFAF2C00A1F3CB /* AppDelegate.swift in Sources */ = {isa = PBXBuildFile; fileRef = BEB1640E19CFAF2C00A1F3CB /* AppDelegate.swift */; };
		BEB1641119CFAF2C00A1F3CB /* ViewController.swift in Sources */ = {isa = PBXBuildFile; fileRef = BEB1641019CFAF2C00A1F3CB /* ViewController.swift */; };
		BEB1641419CFAF2C00A1F3CB /* Main.storyboard in Resources */ = {isa = PBXBuildFile; fileRef = BEB1641219CFAF2C00A1F3CB /* Main.storyboard */; };
		BEB1641619CFAF2C00A1F3CB /* Images.xcassets in Resources */ = {isa = PBXBuildFile; fileRef = BEB1641519CFAF2C00A1F3CB /* Images.xcassets */; };
		BEB1641919CFAF2C00A1F3CB /* LaunchScreen.xib in Resources */ = {isa = PBXBuildFile; fileRef = BEB1641719CFAF2C00A1F3CB /* LaunchScreen.xib */; };
		BEB1642519CFAF2C00A1F3CB /* groceryTrackerTests.swift in Sources */ = {isa = PBXBuildFile; fileRef = BEB1642419CFAF2C00A1F3CB /* groceryTrackerTests.swift */; };
		BECAC04C19D7B41700862F2A /* libstdc++.6.0.9.dylib in Frameworks */ = {isa = PBXBuildFile; fileRef = BECAC04B19D7B41700862F2A /* libstdc++.6.0.9.dylib */; };
		BECAC04E19D7B44900862F2A /* TesseractOCR.framework in Frameworks */ = {isa = PBXBuildFile; fileRef = BECAC04D19D7B44900862F2A /* TesseractOCR.framework */; };
		BECAC05019D7B48B00862F2A /* tessdata in Resources */ = {isa = PBXBuildFile; fileRef = BECAC04F19D7B48B00862F2A /* tessdata */; };
		BECAC05219D7B49A00862F2A /* CoreImage.framework in Frameworks */ = {isa = PBXBuildFile; fileRef = BECAC05119D7B49A00862F2A /* CoreImage.framework */; };
		BECAC05719D7B4F000862F2A /* image_sample.jpg in Resources */ = {isa = PBXBuildFile; fileRef = BECAC05619D7B4F000862F2A /* image_sample.jpg */; };
/* End PBXBuildFile section */

/* Begin PBXContainerItemProxy section */
		BEB1641F19CFAF2C00A1F3CB /* PBXContainerItemProxy */ = {
			isa = PBXContainerItemProxy;
			containerPortal = BEB1640119CFAF2B00A1F3CB /* Project object */;
			proxyType = 1;
			remoteGlobalIDString = BEB1640819CFAF2B00A1F3CB;
			remoteInfo = groceryTracker;
		};
/* End PBXContainerItemProxy section */

/* Begin PBXFileReference section */
		BEB1640919CFAF2C00A1F3CB /* groceryTracker.app */ = {isa = PBXFileReference; explicitFileType = wrapper.application; includeInIndex = 0; path = groceryTracker.app; sourceTree = BUILT_PRODUCTS_DIR; };
		BEB1640D19CFAF2C00A1F3CB /* Info.plist */ = {isa = PBXFileReference; lastKnownFileType = text.plist.xml; path = Info.plist; sourceTree = "<group>"; };
		BEB1640E19CFAF2C00A1F3CB /* AppDelegate.swift */ = {isa = PBXFileReference; lastKnownFileType = sourcecode.swift; path = AppDelegate.swift; sourceTree = "<group>"; };
		BEB1641019CFAF2C00A1F3CB /* ViewController.swift */ = {isa = PBXFileReference; lastKnownFileType = sourcecode.swift; path = ViewController.swift; sourceTree = "<group>"; };
		BEB1641319CFAF2C00A1F3CB /* Base */ = {isa = PBXFileReference; lastKnownFileType = file.storyboard; name = Base; path = Base.lproj/Main.storyboard; sourceTree = "<group>"; };
		BEB1641519CFAF2C00A1F3CB /* Images.xcassets */ = {isa = PBXFileReference; lastKnownFileType = folder.assetcatalog; path = Images.xcassets; sourceTree = "<group>"; };
		BEB1641819CFAF2C00A1F3CB /* Base */ = {isa = PBXFileReference; lastKnownFileType = file.xib; name = Base; path = Base.lproj/LaunchScreen.xib; sourceTree = "<group>"; };
		BEB1641E19CFAF2C00A1F3CB /* groceryTrackerTests.xctest */ = {isa = PBXFileReference; explicitFileType = wrapper.cfbundle; includeInIndex = 0; path = groceryTrackerTests.xctest; sourceTree = BUILT_PRODUCTS_DIR; };
		BEB1642319CFAF2C00A1F3CB /* Info.plist */ = {isa = PBXFileReference; lastKnownFileType = text.plist.xml; path = Info.plist; sourceTree = "<group>"; };
		BEB1642419CFAF2C00A1F3CB /* groceryTrackerTests.swift */ = {isa = PBXFileReference; lastKnownFileType = sourcecode.swift; path = groceryTrackerTests.swift; sourceTree = "<group>"; };
		BECAC04B19D7B41700862F2A /* libstdc++.6.0.9.dylib */ = {isa = PBXFileReference; lastKnownFileType = "compiled.mach-o.dylib"; name = "libstdc++.6.0.9.dylib"; path = "usr/lib/libstdc++.6.0.9.dylib"; sourceTree = SDKROOT; };
		BECAC04D19D7B44900862F2A /* TesseractOCR.framework */ = {isa = PBXFileReference; lastKnownFileType = wrapper.framework; name = TesseractOCR.framework; path = Products/TesseractOCR.framework; sourceTree = "<group>"; };
		BECAC04F19D7B48B00862F2A /* tessdata */ = {isa = PBXFileReference; lastKnownFileType = folder; path = tessdata; sourceTree = "<group>"; };
		BECAC05119D7B49A00862F2A /* CoreImage.framework */ = {isa = PBXFileReference; lastKnownFileType = wrapper.framework; name = CoreImage.framework; path = System/Library/Frameworks/CoreImage.framework; sourceTree = SDKROOT; };
		BECAC05319D7B4B200862F2A /* groceryTracker-Bridging-Header.h */ = {isa = PBXFileReference; lastKnownFileType = sourcecode.c.h; path = "groceryTracker-Bridging-Header.h"; sourceTree = "<group>"; };
		BECAC05619D7B4F000862F2A /* image_sample.jpg */ = {isa = PBXFileReference; lastKnownFileType = image.jpeg; name = image_sample.jpg; path = "../../../../Desktop/Tesseract-OCR-iOS-master/Template Framework Project/Template Framework Project/image_sample.jpg"; sourceTree = "<group>"; };
/* End PBXFileReference section */

/* Begin PBXFrameworksBuildPhase section */
		BEB1640619CFAF2B00A1F3CB /* Frameworks */ = {
			isa = PBXFrameworksBuildPhase;
			buildActionMask = 2147483647;
			files = (
				BECAC05219D7B49A00862F2A /* CoreImage.framework in Frameworks */,
				BECAC04E19D7B44900862F2A /* TesseractOCR.framework in Frameworks */,
				BECAC04C19D7B41700862F2A /* libstdc++.6.0.9.dylib in Frameworks */,
			);
			runOnlyForDeploymentPostprocessing = 0;
		};
		BEB1641B19CFAF2C00A1F3CB /* Frameworks */ = {
			isa = PBXFrameworksBuildPhase;
			buildActionMask = 2147483647;
			files = (
			);
			runOnlyForDeploymentPostprocessing = 0;
		};
/* End PBXFrameworksBuildPhase section */

/* Begin PBXGroup section */
		BEB1640019CFAF2B00A1F3CB = {
			isa = PBXGroup;
			children = (
				BECAC05119D7B49A00862F2A /* CoreImage.framework */,
				BECAC04F19D7B48B00862F2A /* tessdata */,
				BECAC04D19D7B44900862F2A /* TesseractOCR.framework */,
				BECAC04B19D7B41700862F2A /* libstdc++.6.0.9.dylib */,
				BEB1640B19CFAF2C00A1F3CB /* groceryTracker */,
				BEB1642119CFAF2C00A1F3CB /* groceryTrackerTests */,
				BEB1640A19CFAF2C00A1F3CB /* Products */,
				BECAC05319D7B4B200862F2A /* groceryTracker-Bridging-Header.h */,
			);
			sourceTree = "<group>";
		};
		BEB1640A19CFAF2C00A1F3CB /* Products */ = {
			isa = PBXGroup;
			children = (
				BEB1640919CFAF2C00A1F3CB /* groceryTracker.app */,
				BEB1641E19CFAF2C00A1F3CB /* groceryTrackerTests.xctest */,
			);
			name = Products;
			sourceTree = "<group>";
		};
		BEB1640B19CFAF2C00A1F3CB /* groceryTracker */ = {
			isa = PBXGroup;
			children = (
				BECAC05619D7B4F000862F2A /* image_sample.jpg */,
				BEB1640E19CFAF2C00A1F3CB /* AppDelegate.swift */,
				BEB1641019CFAF2C00A1F3CB /* ViewController.swift */,
				BEB1641219CFAF2C00A1F3CB /* Main.storyboard */,
				BEB1641519CFAF2C00A1F3CB /* Images.xcassets */,
				BEB1641719CFAF2C00A1F3CB /* LaunchScreen.xib */,
				BEB1640C19CFAF2C00A1F3CB /* Supporting Files */,
			);
			path = groceryTracker;
			sourceTree = "<group>";
		};
		BEB1640C19CFAF2C00A1F3CB /* Supporting Files */ = {
			isa = PBXGroup;
			children = (
				BEB1640D19CFAF2C00A1F3CB /* Info.plist */,
			);
			name = "Supporting Files";
			sourceTree = "<group>";
		};
		BEB1642119CFAF2C00A1F3CB /* groceryTrackerTests */ = {
			isa = PBXGroup;
			children = (
				BEB1642419CFAF2C00A1F3CB /* groceryTrackerTests.swift */,
				BEB1642219CFAF2C00A1F3CB /* Supporting Files */,
			);
			path = groceryTrackerTests;
			sourceTree = "<group>";
		};
		BEB1642219CFAF2C00A1F3CB /* Supporting Files */ = {
			isa = PBXGroup;
			children = (
				BEB1642319CFAF2C00A1F3CB /* Info.plist */,
			);
			name = "Supporting Files";
			sourceTree = "<group>";
		};
/* End PBXGroup section */

/* Begin PBXNativeTarget section */
		BEB1640819CFAF2B00A1F3CB /* groceryTracker */ = {
			isa = PBXNativeTarget;
			buildConfigurationList = BEB1642819CFAF2C00A1F3CB /* Build configuration list for PBXNativeTarget "groceryTracker" */;
			buildPhases = (
				BEB1640519CFAF2B00A1F3CB /* Sources */,
				BEB1640619CFAF2B00A1F3CB /* Frameworks */,
				BEB1640719CFAF2B00A1F3CB /* Resources */,
			);
			buildRules = (
			);
			dependencies = (
			);
			name = groceryTracker;
			productName = groceryTracker;
			productReference = BEB1640919CFAF2C00A1F3CB /* groceryTracker.app */;
			productType = "com.apple.product-type.application";
		};
		BEB1641D19CFAF2C00A1F3CB /* groceryTrackerTests */ = {
			isa = PBXNativeTarget;
			buildConfigurationList = BEB1642B19CFAF2C00A1F3CB /* Build configuration list for PBXNativeTarget "groceryTrackerTests" */;
			buildPhases = (
				BEB1641A19CFAF2C00A1F3CB /* Sources */,
				BEB1641B19CFAF2C00A1F3CB /* Frameworks */,
				BEB1641C19CFAF2C00A1F3CB /* Resources */,
			);
			buildRules = (
			);
			dependencies = (
				BEB1642019CFAF2C00A1F3CB /* PBXTargetDependency */,
			);
			name = groceryTrackerTests;
			productName = groceryTrackerTests;
			productReference = BEB1641E19CFAF2C00A1F3CB /* groceryTrackerTests.xctest */;
			productType = "com.apple.product-type.bundle.unit-test";
		};
/* End PBXNativeTarget section */

/* Begin PBXProject section */
		BEB1640119CFAF2B00A1F3CB /* Project object */ = {
			isa = PBXProject;
			attributes = {
				LastUpgradeCheck = 0600;
				ORGANIZATIONNAME = "Luis Olivas";
				TargetAttributes = {
					BEB1640819CFAF2B00A1F3CB = {
						CreatedOnToolsVersion = 6.0;
					};
					BEB1641D19CFAF2C00A1F3CB = {
						CreatedOnToolsVersion = 6.0;
						TestTargetID = BEB1640819CFAF2B00A1F3CB;
					};
				};
			};
			buildConfigurationList = BEB1640419CFAF2B00A1F3CB /* Build configuration list for PBXProject "groceryTracker" */;
			compatibilityVersion = "Xcode 3.2";
			developmentRegion = English;
			hasScannedForEncodings = 0;
			knownRegions = (
				en,
				Base,
			);
			mainGroup = BEB1640019CFAF2B00A1F3CB;
			productRefGroup = BEB1640A19CFAF2C00A1F3CB /* Products */;
			projectDirPath = "";
			projectRoot = "";
			targets = (
				BEB1640819CFAF2B00A1F3CB /* groceryTracker */,
				BEB1641D19CFAF2C00A1F3CB /* groceryTrackerTests */,
			);
		};
/* End PBXProject section */

/* Begin PBXResourcesBuildPhase section */
		BEB1640719CFAF2B00A1F3CB /* Resources */ = {
			isa = PBXResourcesBuildPhase;
			buildActionMask = 2147483647;
			files = (
				BEB1641419CFAF2C00A1F3CB /* Main.storyboard in Resources */,
				BECAC05719D7B4F000862F2A /* image_sample.jpg in Resources */,
				BECAC05019D7B48B00862F2A /* tessdata in Resources */,
				BEB1641919CFAF2C00A1F3CB /* LaunchScreen.xib in Resources */,
				BEB1641619CFAF2C00A1F3CB /* Images.xcassets in Resources */,
			);
			runOnlyForDeploymentPostprocessing = 0;
		};
		BEB1641C19CFAF2C00A1F3CB /* Resources */ = {
			isa = PBXResourcesBuildPhase;
			buildActionMask = 2147483647;
			files = (
			);
			runOnlyForDeploymentPostprocessing = 0;
		};
/* End PBXResourcesBuildPhase section */

/* Begin PBXSourcesBuildPhase section */
		BEB1640519CFAF2B00A1F3CB /* Sources */ = {
			isa = PBXSourcesBuildPhase;
			buildActionMask = 2147483647;
			files = (
				BEB1641119CFAF2C00A1F3CB /* ViewController.swift in Sources */,
				BEB1640F19CFAF2C00A1F3CB /* AppDelegate.swift in Sources */,
			);
			runOnlyForDeploymentPostprocessing = 0;
		};
		BEB1641A19CFAF2C00A1F3CB /* Sources */ = {
			isa = PBXSourcesBuildPhase;
			buildActionMask = 2147483647;
			files = (
				BEB1642519CFAF2C00A1F3CB /* groceryTrackerTests.swift in Sources */,
			);
			runOnlyForDeploymentPostprocessing = 0;
		};
/* End PBXSourcesBuildPhase section */

/* Begin PBXTargetDependency section */
		BEB1642019CFAF2C00A1F3CB /* PBXTargetDependency */ = {
			isa = PBXTargetDependency;
			target = BEB1640819CFAF2B00A1F3CB /* groceryTracker */;
			targetProxy = BEB1641F19CFAF2C00A1F3CB /* PBXContainerItemProxy */;
		};
/* End PBXTargetDependency section */

/* Begin PBXVariantGroup section */
		BEB1641219CFAF2C00A1F3CB /* Main.storyboard */ = {
			isa = PBXVariantGroup;
			children = (
				BEB1641319CFAF2C00A1F3CB /* Base */,
			);
			name = Main.storyboard;
			sourceTree = "<group>";
		};
		BEB1641719CFAF2C00A1F3CB /* LaunchScreen.xib */ = {
			isa = PBXVariantGroup;
			children = (
				BEB1641819CFAF2C00A1F3CB /* Base */,
			);
			name = LaunchScreen.xib;
			sourceTree = "<group>";
		};
/* End PBXVariantGroup section */

/* Begin XCBuildConfiguration section */
		BEB1642619CFAF2C00A1F3CB /* Debug */ = {
			isa = XCBuildConfiguration;
			buildSettings = {
				ALWAYS_SEARCH_USER_PATHS = NO;
				CLANG_CXX_LANGUAGE_STANDARD = "gnu++0x";
				CLANG_CXX_LIBRARY = "compiler-default";
				CLANG_ENABLE_MODULES = YES;
				CLANG_ENABLE_OBJC_ARC = YES;
				CLANG_WARN_BOOL_CONVERSION = YES;
				CLANG_WARN_CONSTANT_CONVERSION = YES;
				CLANG_WARN_DIRECT_OBJC_ISA_USAGE = YES_ERROR;
				CLANG_WARN_EMPTY_BODY = YES;
				CLANG_WARN_ENUM_CONVERSION = YES;
				CLANG_WARN_INT_CONVERSION = YES;
				CLANG_WARN_OBJC_ROOT_CLASS = YES_ERROR;
				CLANG_WARN_UNREACHABLE_CODE = YES;
				CLANG_WARN__DUPLICATE_METHOD_MATCH = YES;
				"CODE_SIGN_IDENTITY[sdk=iphoneos*]" = "iPhone Developer";
				COPY_PHASE_STRIP = NO;
				DEFINES_MODULE = YES;
				ENABLE_STRICT_OBJC_MSGSEND = YES;
				GCC_C_LANGUAGE_STANDARD = gnu99;
				GCC_DYNAMIC_NO_PIC = NO;
				GCC_OPTIMIZATION_LEVEL = 0;
				GCC_PREPROCESSOR_DEFINITIONS = (
					"DEBUG=1",
					"$(inherited)",
				);
				GCC_SYMBOLS_PRIVATE_EXTERN = NO;
				GCC_WARN_64_TO_32_BIT_CONVERSION = YES;
				GCC_WARN_ABOUT_RETURN_TYPE = YES_ERROR;
				GCC_WARN_UNDECLARED_SELECTOR = YES;
				GCC_WARN_UNINITIALIZED_AUTOS = YES_AGGRESSIVE;
				GCC_WARN_UNUSED_FUNCTION = YES;
				GCC_WARN_UNUSED_VARIABLE = YES;
				IPHONEOS_DEPLOYMENT_TARGET = 8.0;
				MTL_ENABLE_DEBUG_INFO = YES;
				ONLY_ACTIVE_ARCH = YES;
				SDKROOT = iphoneos;
				SWIFT_OPTIMIZATION_LEVEL = "-Onone";
			};
			name = Debug;
		};
		BEB1642719CFAF2C00A1F3CB /* Release */ = {
			isa = XCBuildConfiguration;
			buildSettings = {
				ALWAYS_SEARCH_USER_PATHS = NO;
				CLANG_CXX_LANGUAGE_STANDARD = "gnu++0x";
				CLANG_CXX_LIBRARY = "compiler-default";
				CLANG_ENABLE_MODULES = YES;
				CLANG_ENABLE_OBJC_ARC = YES;
				CLANG_WARN_BOOL_CONVERSION = YES;
				CLANG_WARN_CONSTANT_CONVERSION = YES;
				CLANG_WARN_DIRECT_OBJC_ISA_USAGE = YES_ERROR;
				CLANG_WARN_EMPTY_BODY = YES;
				CLANG_WARN_ENUM_CONVERSION = YES;
				CLANG_WARN_INT_CONVERSION = YES;
				CLANG_WARN_OBJC_ROOT_CLASS = YES_ERROR;
				CLANG_WARN_UNREACHABLE_CODE = YES;
				CLANG_WARN__DUPLICATE_METHOD_MATCH = YES;
				"CODE_SIGN_IDENTITY[sdk=iphoneos*]" = "iPhone Developer";
				COPY_PHASE_STRIP = YES;
				DEFINES_MODULE = YES;
				ENABLE_NS_ASSERTIONS = NO;
				ENABLE_STRICT_OBJC_MSGSEND = YES;
				GCC_C_LANGUAGE_STANDARD = gnu99;
				GCC_WARN_64_TO_32_BIT_CONVERSION = YES;
				GCC_WARN_ABOUT_RETURN_TYPE = YES_ERROR;
				GCC_WARN_UNDECLARED_SELECTOR = YES;
				GCC_WARN_UNINITIALIZED_AUTOS = YES_AGGRESSIVE;
				GCC_WARN_UNUSED_FUNCTION = YES;
				GCC_WARN_UNUSED_VARIABLE = YES;
				IPHONEOS_DEPLOYMENT_TARGET = 8.0;
				MTL_ENABLE_DEBUG_INFO = NO;
				SDKROOT = iphoneos;
				VALIDATE_PRODUCT = YES;
			};
			name = Release;
		};
		BEB1642919CFAF2C00A1F3CB /* Debug */ = {
			isa = XCBuildConfiguration;
			buildSettings = {
				ASSETCATALOG_COMPILER_APPICON_NAME = AppIcon;
				CLANG_ENABLE_MODULES = YES;
				FRAMEWORK_SEARCH_PATHS = (
					"$(inherited)",
					"$(PROJECT_DIR)/Products",
				);
				INFOPLIST_FILE = groceryTracker/Info.plist;
				LD_RUNPATH_SEARCH_PATHS = "$(inherited) @executable_path/Frameworks";
				"OTHER_LDFLAGS[arch=*]" = "-lstdc++";
				PRODUCT_NAME = "$(TARGET_NAME)";
				SWIFT_OBJC_BRIDGING_HEADER = "groceryTracker-Bridging-Header.h";
				SWIFT_OPTIMIZATION_LEVEL = "-Onone";
			};
			name = Debug;
		};
		BEB1642A19CFAF2C00A1F3CB /* Release */ = {
			isa = XCBuildConfiguration;
			buildSettings = {
				ASSETCATALOG_COMPILER_APPICON_NAME = AppIcon;
				CLANG_ENABLE_MODULES = YES;
				FRAMEWORK_SEARCH_PATHS = (
					"$(inherited)",
					"$(PROJECT_DIR)/Products",
				);
				INFOPLIST_FILE = groceryTracker/Info.plist;
				LD_RUNPATH_SEARCH_PATHS = "$(inherited) @executable_path/Frameworks";
				"OTHER_LDFLAGS[arch=*]" = "-lstdc++";
				PRODUCT_NAME = "$(TARGET_NAME)";
				SWIFT_OBJC_BRIDGING_HEADER = "groceryTracker-Bridging-Header.h";
			};
			name = Release;
		};
		BEB1642C19CFAF2C00A1F3CB /* Debug */ = {
			isa = XCBuildConfiguration;
			buildSettings = {
				BUNDLE_LOADER = "$(TEST_HOST)";
				FRAMEWORK_SEARCH_PATHS = (
					"$(SDKROOT)/Developer/Library/Frameworks",
					"$(inherited)",
				);
				GCC_PREPROCESSOR_DEFINITIONS = (
					"DEBUG=1",
					"$(inherited)",
				);
				INFOPLIST_FILE = groceryTrackerTests/Info.plist;
				LD_RUNPATH_SEARCH_PATHS = "$(inherited) @executable_path/Frameworks @loader_path/Frameworks";
				PRODUCT_NAME = "$(TARGET_NAME)";
				TEST_HOST = "$(BUILT_PRODUCTS_DIR)/groceryTracker.app/groceryTracker";
			};
			name = Debug;
		};
		BEB1642D19CFAF2C00A1F3CB /* Release */ = {
			isa = XCBuildConfiguration;
			buildSettings = {
				BUNDLE_LOADER = "$(TEST_HOST)";
				FRAMEWORK_SEARCH_PATHS = (
					"$(SDKROOT)/Developer/Library/Frameworks",
					"$(inherited)",
				);
				INFOPLIST_FILE = groceryTrackerTests/Info.plist;
				LD_RUNPATH_SEARCH_PATHS = "$(inherited) @executable_path/Frameworks @loader_path/Frameworks";
				PRODUCT_NAME = "$(TARGET_NAME)";
				TEST_HOST = "$(BUILT_PRODUCTS_DIR)/groceryTracker.app/groceryTracker";
			};
			name = Release;
		};
/* End XCBuildConfiguration section */

/* Begin XCConfigurationList section */
		BEB1640419CFAF2B00A1F3CB /* Build configuration list for PBXProject "groceryTracker" */ = {
			isa = XCConfigurationList;
			buildConfigurations = (
				BEB1642619CFAF2C00A1F3CB /* Debug */,
				BEB1642719CFAF2C00A1F3CB /* Release */,
			);
			defaultConfigurationIsVisible = 0;
			defaultConfigurationName = Release;
		};
		BEB1642819CFAF2C00A1F3CB /* Build configuration list for PBXNativeTarget "groceryTracker" */ = {
			isa = XCConfigurationList;
			buildConfigurations = (
				BEB1642919CFAF2C00A1F3CB /* Debug */,
				BEB1642A19CFAF2C00A1F3CB /* Release */,
			);
			defaultConfigurationIsVisible = 0;
			defaultConfigurationName = Release;
		};
		BEB1642B19CFAF2C00A1F3CB /* Build configuration list for PBXNativeTarget "groceryTrackerTests" */ = {
			isa = XCConfigurationList;
			buildConfigurations = (
				BEB1642C19CFAF2C00A1F3CB /* Debug */,
				BEB1642D19CFAF2C00A1F3CB /* Release */,
			);
			defaultConfigurationIsVisible = 0;
			defaultConfigurationName = Release;
		};
/* End XCConfigurationList section */
	};
	rootObject = BEB1640119CFAF2B00A1F3CB /* Project object */;
}
